{
  "name": "220617_gsap_example",
  "version": "1.0.0",
  "lockfileVersion": 2,
  "requires": true,
  "packages": {
    "": {
      "name": "220617_gsap_example",
      "version": "1.0.0",
      "devDependencies": {
        "prettier": "3.0.0-alpha.0"
      }
    },
    "node_modules/prettier": {
      "version": "3.0.0-alpha.0",
      "resolved": "https://registry.npmjs.org/prettier/-/prettier-3.0.0-alpha.0.tgz",
      "integrity": "sha512-S1pm0PyEOc0KWtO4YRf0Hz5+Wh8vj/p7iFpdxcJd7Vhdu9jo/fBE8JZdOVx4WRN4oK4cpqtrsaESNIBQ21vGKA==",
      "dev": true,
      "bin": {
        "prettier": "bin-prettier.js"
      },
      "engines": {
        "node": ">=14"
      },
      "funding": {
        "url": "https://github.com/prettier/prettier?sponsor=1"
      }
    }
  },
  "dependencies": {
    "prettier": {
      "version": "3.0.0-alpha.0",
      "resolved": "https://registry.npmjs.org/prettier/-/prettier-3.0.0-alpha.0.tgz",
      "integrity": "sha512-S1pm0PyEOc0KWtO4YRf0Hz5+Wh8vj/p7iFpdxcJd7Vhdu9jo/fBE8JZdOVx4WRN4oK4cpqtrsaESNIBQ21vGKA==",
      "dev": true
    }
  }
}
